
Microsoft Visual Studio Solution File, Format Version 12.00
# Visual Studio 15
VisualStudioVersion = 15.0.27130.2010
MinimumVisualStudioVersion = 10.0.40219.1
Project("{FAE04EC0-301F-11D3-BF4B-00C04F79EFBC}") = "XpoMembershipDemo", "XpoMembershipDemo\XpoMembershipDemo.csproj", "{ED6D138A-95AE-4D64-9078-676310AE299B}"
EndProject
Project("{FAE04EC0-301F-11D3-BF4B-00C04F79EFBC}") = "XpoMembership", "XpoMembership\XpoMembership.csproj", "{470E13AA-9C71-407E-88E1-ECBC56476EFB}"
EndProject
Global
	GlobalSection(SolutionConfigurationPlatforms) = preSolution
		Debug|Any CPU = Debug|Any CPU
		Release|Any CPU = Release|Any CPU
	EndGlobalSection
	GlobalSection(ProjectConfigurationPlatforms) = postSolution
		{ED6D138A-95AE-4D64-9078-676310AE299B}.Debug|Any CPU.ActiveCfg = Debug|Any CPU
		{ED6D138A-95AE-4D64-9078-676310AE299B}.Debug|Any CPU.Build.0 = Debug|Any CPU
		{ED6D138A-95AE-4D64-9078-676310AE299B}.Release|Any CPU.ActiveCfg = Release|Any CPU
		{ED6D138A-95AE-4D64-9078-676310AE299B}.Release|Any CPU.Build.0 = Release|Any CPU
		{470E13AA-9C71-407E-88E1-ECBC56476EFB}.Debug|Any CPU.ActiveCfg = Debug|Any CPU
		{470E13AA-9C71-407E-88E1-ECBC56476EFB}.Debug|Any CPU.Build.0 = Debug|Any CPU
		{470E13AA-9C71-407E-88E1-ECBC56476EFB}.Release|Any CPU.ActiveCfg = Release|Any CPU
		{470E13AA-9C71-407E-88E1-ECBC56476EFB}.Release|Any CPU.Build.0 = Release|Any CPU
	EndGlobalSection
	GlobalSection(SolutionProperties) = preSolution
		HideSolutionNode = FALSE
	EndGlobalSection
	GlobalSection(ExtensibilityGlobals) = postSolution
		SolutionGuid = {78F02543-D09C-4AC7-9C73-90BE1191F003}
	EndGlobalSection
EndGlobal
